// !$*UTF8*$!
{
	archiveVersion = 1;
	classes = {
	};
	objectVersion = 77;
	objects = {

/* Begin PBXBuildFile section */
		285A2FC52E55825900F123EA /* Auth in Frameworks */ = {isa = PBXBuildFile; productRef = 285A2FC42E55825900F123EA /* Auth */; };
		285A2FC72E55825900F123EA /* Functions in Frameworks */ = {isa = PBXBuildFile; productRef = 285A2FC62E55825900F123EA /* Functions */; };
		285A2FC92E55825900F123EA /* PostgREST in Frameworks */ = {isa = PBXBuildFile; productRef = 285A2FC82E55825900F123EA /* PostgREST */; };
		285A2FCB2E55825900F123EA /* Realtime in Frameworks */ = {isa = PBXBuildFile; productRef = 285A2FCA2E55825900F123EA /* Realtime */; };
		285A2FCD2E55825900F123EA /* Storage in Frameworks */ = {isa = PBXBuildFile; productRef = 285A2FCC2E55825900F123EA /* Storage */; };
/* End PBXBuildFile section */

/* Begin PBXContainerItemProxy section */
		28A1E8BD2E524E9C00BBFCB7 /* PBXContainerItemProxy */ = {
			isa = PBXContainerItemProxy;
			containerPortal = 28A1E8A42E524E9500BBFCB7 /* Project object */;
			proxyType = 1;
			remoteGlobalIDString = 28A1E8AB2E524E9500BBFCB7;
			remoteInfo = QuickFlip;
		};
		28A1E8C72E524E9C00BBFCB7 /* PBXContainerItemProxy */ = {
			isa = PBXContainerItemProxy;
			containerPortal = 28A1E8A42E524E9500BBFCB7 /* Project object */;
			proxyType = 1;
			remoteGlobalIDString = 28A1E8AB2E524E9500BBFCB7;
			remoteInfo = QuickFlip;
		};
/* End PBXContainerItemProxy section */

/* Begin PBXFileReference section */
		28A1E8AC2E524E9500BBFCB7 /* QuickFlip.app */ = {isa = PBXFileReference; explicitFileType = wrapper.application; includeInIndex = 0; path = QuickFlip.app; sourceTree = BUILT_PRODUCTS_DIR; };
		28A1E8BC2E524E9C00BBFCB7 /* QuickFlipTests.xctest */ = {isa = PBXFileReference; explicitFileType = wrapper.cfbundle; includeInIndex = 0; path = QuickFlipTests.xctest; sourceTree = BUILT_PRODUCTS_DIR; };
		28A1E8C62E524E9C00BBFCB7 /* QuickFlipUITests.xctest */ = {isa = PBXFileReference; explicitFileType = wrapper.cfbundle; includeInIndex = 0; path = QuickFlipUITests.xctest; sourceTree = BUILT_PRODUCTS_DIR; };
/* End PBXFileReference section */

/* Begin PBXFileSystemSynchronizedBuildFileExceptionSet section */
		28A1E8DA2E524FCE00BBFCB7 /* Exceptions for "QuickFlip" folder in "QuickFlip" target */ = {
			isa = PBXFileSystemSynchronizedBuildFileExceptionSet;
			membershipExceptions = (
				Info.plist,
			);
			target = 28A1E8AB2E524E9500BBFCB7 /* QuickFlip */;
		};
/* End PBXFileSystemSynchronizedBuildFileExceptionSet section */

/* Begin PBXFileSystemSynchronizedRootGroup section */
		28A1E8AE2E524E9500BBFCB7 /* QuickFlip */ = {
			isa = PBXFileSystemSynchronizedRootGroup;
			exceptions = (
				28A1E8DA2E524FCE00BBFCB7 /* Exceptions for "QuickFlip" folder in "QuickFlip" target */,
			);
			path = QuickFlip;
			sourceTree = "<group>";
		};
		28A1E8BF2E524E9C00BBFCB7 /* QuickFlipTests */ = {
			isa = PBXFileSystemSynchronizedRootGroup;
			path = QuickFlipTests;
			sourceTree = "<group>";
		};
		28A1E8C92E524E9C00BBFCB7 /* QuickFlipUITests */ = {
			isa = PBXFileSystemSynchronizedRootGroup;
			path = QuickFlipUITests;
			sourceTree = "<group>";
		};
/* End PBXFileSystemSynchronizedRootGroup section */

/* Begin PBXFrameworksBuildPhase section */
		28A1E8A92E524E9500BBFCB7 /* Frameworks */ = {
			isa = PBXFrameworksBuildPhase;
			buildActionMask = 2147483647;
			files = (
				285A2FC92E55825900F123EA /* PostgREST in Frameworks */,
				285A2FC72E55825900F123EA /* Functions in Frameworks */,
				285A2FC52E55825900F123EA /* Auth in Frameworks */,
				285A2FCD2E55825900F123EA /* Storage in Frameworks */,
				285A2FCB2E55825900F123EA /* Realtime in Frameworks */,
			);
			runOnlyForDeploymentPostprocessing = 0;
		};
		28A1E8B92E524E9C00BBFCB7 /* Frameworks */ = {
			isa = PBXFrameworksBuildPhase;
			buildActionMask = 2147483647;
			files = (
			);
			runOnlyForDeploymentPostprocessing = 0;
		};
		28A1E8C32E524E9C00BBFCB7 /* Frameworks */ = {
			isa = PBXFrameworksBuildPhase;
			buildActionMask = 2147483647;
			files = (
			);
			runOnlyForDeploymentPostprocessing = 0;
		};
/* End PBXFrameworksBuildPhase section */

/* Begin PBXGroup section */
		28A1E8A32E524E9500BBFCB7 = {
			isa = PBXGroup;
			children = (
				28A1E8AE2E524E9500BBFCB7 /* QuickFlip */,
				28A1E8BF2E524E9C00BBFCB7 /* QuickFlipTests */,
				28A1E8C92E524E9C00BBFCB7 /* QuickFlipUITests */,
				28A1E8AD2E524E9500BBFCB7 /* Products */,
			);
			sourceTree = "<group>";
		};
		28A1E8AD2E524E9500BBFCB7 /* Products */ = {
			isa = PBXGroup;
			children = (
				28A1E8AC2E524E9500BBFCB7 /* QuickFlip.app */,
				28A1E8BC2E524E9C00BBFCB7 /* QuickFlipTests.xctest */,
				28A1E8C62E524E9C00BBFCB7 /* QuickFlipUITests.xctest */,
			);
			name = Products;
			sourceTree = "<group>";
		};
/* End PBXGroup section */

/* Begin PBXNativeTarget section */
		28A1E8AB2E524E9500BBFCB7 /* QuickFlip */ = {
			isa = PBXNativeTarget;
			buildConfigurationList = 28A1E8D02E524E9C00BBFCB7 /* Build configuration list for PBXNativeTarget "QuickFlip" */;
			buildPhases = (
				28A1E8A82E524E9500BBFCB7 /* Sources */,
				28A1E8A92E524E9500BBFCB7 /* Frameworks */,
				28A1E8AA2E524E9500BBFCB7 /* Resources */,
			);
			buildRules = (
			);
			dependencies = (
			);
			fileSystemSynchronizedGroups = (
				28A1E8AE2E524E9500BBFCB7 /* QuickFlip */,
			);
			name = QuickFlip;
			packageProductDependencies = (
				285A2FC42E55825900F123EA /* Auth */,
				285A2FC62E55825900F123EA /* Functions */,
				285A2FC82E55825900F123EA /* PostgREST */,
				285A2FCA2E55825900F123EA /* Realtime */,
				285A2FCC2E55825900F123EA /* Storage */,
			);
			productName = QuickFlip;
			productReference = 28A1E8AC2E524E9500BBFCB7 /* QuickFlip.app */;
			productType = "com.apple.product-type.application";
		};
		28A1E8BB2E524E9C00BBFCB7 /* QuickFlipTests */ = {
			isa = PBXNativeTarget;
			buildConfigurationList = 28A1E8D32E524E9C00BBFCB7 /* Build configuration list for PBXNativeTarget "QuickFlipTests" */;
			buildPhases = (
				28A1E8B82E524E9C00BBFCB7 /* Sources */,
				28A1E8B92E524E9C00BBFCB7 /* Frameworks */,
				28A1E8BA2E524E9C00BBFCB7 /* Resources */,
			);
			buildRules = (
			);
			dependencies = (
				28A1E8BE2E524E9C00BBFCB7 /* PBXTargetDependency */,
			);
			fileSystemSynchronizedGroups = (
				28A1E8BF2E524E9C00BBFCB7 /* QuickFlipTests */,
			);
			name = QuickFlipTests;
			packageProductDependencies = (
			);
			productName = QuickFlipTests;
			productReference = 28A1E8BC2E524E9C00BBFCB7 /* QuickFlipTests.xctest */;
			productType = "com.apple.product-type.bundle.unit-test";
		};
		28A1E8C52E524E9C00BBFCB7 /* QuickFlipUITests */ = {
			isa = PBXNativeTarget;
			buildConfigurationList = 28A1E8D62E524E9C00BBFCB7 /* Build configuration list for PBXNativeTarget "QuickFlipUITests" */;
			buildPhases = (
				28A1E8C22E524E9C00BBFCB7 /* Sources */,
				28A1E8C32E524E9C00BBFCB7 /* Frameworks */,
				28A1E8C42E524E9C00BBFCB7 /* Resources */,
			);
			buildRules = (
			);
			dependencies = (
				28A1E8C82E524E9C00BBFCB7 /* PBXTargetDependency */,
			);
			fileSystemSynchronizedGroups = (
				28A1E8C92E524E9C00BBFCB7 /* QuickFlipUITests */,
			);
			name = QuickFlipUITests;
			packageProductDependencies = (
			);
			productName = QuickFlipUITests;
			productReference = 28A1E8C62E524E9C00BBFCB7 /* QuickFlipUITests.xctest */;
			productType = "com.apple.product-type.bundle.ui-testing";
		};
/* End PBXNativeTarget section */

/* Begin PBXProject section */
		28A1E8A42E524E9500BBFCB7 /* Project object */ = {
			isa = PBXProject;
			attributes = {
				BuildIndependentTargetsInParallel = 1;
				LastSwiftUpdateCheck = 1610;
				LastUpgradeCheck = 1610;
				TargetAttributes = {
					28A1E8AB2E524E9500BBFCB7 = {
						CreatedOnToolsVersion = 16.1;
					};
					28A1E8BB2E524E9C00BBFCB7 = {
						CreatedOnToolsVersion = 16.1;
						TestTargetID = 28A1E8AB2E524E9500BBFCB7;
					};
					28A1E8C52E524E9C00BBFCB7 = {
						CreatedOnToolsVersion = 16.1;
						TestTargetID = 28A1E8AB2E524E9500BBFCB7;
					};
				};
			};
			buildConfigurationList = 28A1E8A72E524E9500BBFCB7 /* Build configuration list for PBXProject "QuickFlip" */;
			developmentRegion = en;
			hasScannedForEncodings = 0;
			knownRegions = (
				en,
				Base,
			);
			mainGroup = 28A1E8A32E524E9500BBFCB7;
			minimizedProjectReferenceProxies = 1;
			packageReferences = (
				285A2FC32E55825900F123EA /* XCRemoteSwiftPackageReference "supabase-swift" */,
			);
			preferredProjectObjectVersion = 77;
			productRefGroup = 28A1E8AD2E524E9500BBFCB7 /* Products */;
			projectDirPath = "";
			projectRoot = "";
			targets = (
				28A1E8AB2E524E9500BBFCB7 /* QuickFlip */,
				28A1E8BB2E524E9C00BBFCB7 /* QuickFlipTests */,
				28A1E8C52E524E9C00BBFCB7 /* QuickFlipUITests */,
			);
		};
/* End PBXProject section */

/* Begin PBXResourcesBuildPhase section */
		28A1E8AA2E524E9500BBFCB7 /* Resources */ = {
			isa = PBXResourcesBuildPhase;
			buildActionMask = 2147483647;
			files = (
			);
			runOnlyForDeploymentPostprocessing = 0;
		};
		28A1E8BA2E524E9C00BBFCB7 /* Resources */ = {
			isa = PBXResourcesBuildPhase;
			buildActionMask = 2147483647;
			files = (
			);
			runOnlyForDeploymentPostprocessing = 0;
		};
		28A1E8C42E524E9C00BBFCB7 /* Resources */ = {
			isa = PBXResourcesBuildPhase;
			buildActionMask = 2147483647;
			files = (
			);
			runOnlyForDeploymentPostprocessing = 0;
		};
/* End PBXResourcesBuildPhase section */

/* Begin PBXSourcesBuildPhase section */
		28A1E8A82E524E9500BBFCB7 /* Sources */ = {
			isa = PBXSourcesBuildPhase;
			buildActionMask = 2147483647;
			files = (
			);
			runOnlyForDeploymentPostprocessing = 0;
		};
		28A1E8B82E524E9C00BBFCB7 /* Sources */ = {
			isa = PBXSourcesBuildPhase;
			buildActionMask = 2147483647;
			files = (
			);
			runOnlyForDeploymentPostprocessing = 0;
		};
		28A1E8C22E524E9C00BBFCB7 /* Sources */ = {
			isa = PBXSourcesBuildPhase;
			buildActionMask = 2147483647;
			files = (
			);
			runOnlyForDeploymentPostprocessing = 0;
		};
/* End PBXSourcesBuildPhase section */

/* Begin PBXTargetDependency section */
		28A1E8BE2E524E9C00BBFCB7 /* PBXTargetDependency */ = {
			isa = PBXTargetDependency;
			target = 28A1E8AB2E524E9500BBFCB7 /* QuickFlip */;
			targetProxy = 28A1E8BD2E524E9C00BBFCB7 /* PBXContainerItemProxy */;
		};
		28A1E8C82E524E9C00BBFCB7 /* PBXTargetDependency */ = {
			isa = PBXTargetDependency;
			target = 28A1E8AB2E524E9500BBFCB7 /* QuickFlip */;
			targetProxy = 28A1E8C72E524E9C00BBFCB7 /* PBXContainerItemProxy */;
		};
/* End PBXTargetDependency section */

/* Begin XCBuildConfiguration section */
		28A1E8CE2E524E9C00BBFCB7 /* Debug */ = {
			isa = XCBuildConfiguration;
			buildSettings = {
				ALWAYS_SEARCH_USER_PATHS = NO;
				ASSETCATALOG_COMPILER_GENERATE_SWIFT_ASSET_SYMBOL_EXTENSIONS = YES;
				CLANG_ANALYZER_NONNULL = YES;
				CLANG_ANALYZER_NUMBER_OBJECT_CONVERSION = YES_AGGRESSIVE;
				CLANG_CXX_LANGUAGE_STANDARD = "gnu++20";
				CLANG_ENABLE_MODULES = YES;
				CLANG_ENABLE_OBJC_ARC = YES;
				CLANG_ENABLE_OBJC_WEAK = YES;
				CLANG_WARN_BLOCK_CAPTURE_AUTORELEASING = YES;
				CLANG_WARN_BOOL_CONVERSION = YES;
				CLANG_WARN_COMMA = YES;
				CLANG_WARN_CONSTANT_CONVERSION = YES;
				CLANG_WARN_DEPRECATED_OBJC_IMPLEMENTATIONS = YES;
				CLANG_WARN_DIRECT_OBJC_ISA_USAGE = YES_ERROR;
				CLANG_WARN_DOCUMENTATION_COMMENTS = YES;
				CLANG_WARN_EMPTY_BODY = YES;
				CLANG_WARN_ENUM_CONVERSION = YES;
				CLANG_WARN_INFINITE_RECURSION = YES;
				CLANG_WARN_INT_CONVERSION = YES;
				CLANG_WARN_NON_LITERAL_NULL_CONVERSION = YES;
				CLANG_WARN_OBJC_IMPLICIT_RETAIN_SELF = YES;
				CLANG_WARN_OBJC_LITERAL_CONVERSION = YES;
				CLANG_WARN_OBJC_ROOT_CLASS = YES_ERROR;
				CLANG_WARN_QUOTED_INCLUDE_IN_FRAMEWORK_HEADER = YES;
				CLANG_WARN_RANGE_LOOP_ANALYSIS = YES;
				CLANG_WARN_STRICT_PROTOTYPES = YES;
				CLANG_WARN_SUSPICIOUS_MOVE = YES;
				CLANG_WARN_UNGUARDED_AVAILABILITY = YES_AGGRESSIVE;
				CLANG_WARN_UNREACHABLE_CODE = YES;
				CLANG_WARN__DUPLICATE_METHOD_MATCH = YES;
				COPY_PHASE_STRIP = NO;
				DEBUG_INFORMATION_FORMAT = dwarf;
				ENABLE_STRICT_OBJC_MSGSEND = YES;
				ENABLE_TESTABILITY = YES;
				ENABLE_USER_SCRIPT_SANDBOXING = YES;
				GCC_C_LANGUAGE_STANDARD = gnu17;
				GCC_DYNAMIC_NO_PIC = NO;
				GCC_NO_COMMON_BLOCKS = YES;
				GCC_OPTIMIZATION_LEVEL = 0;
				GCC_PREPROCESSOR_DEFINITIONS = (
					"DEBUG=1",
					"$(inherited)",
				);
				GCC_WARN_64_TO_32_BIT_CONVERSION = YES;
				GCC_WARN_ABOUT_RETURN_TYPE = YES_ERROR;
				GCC_WARN_UNDECLARED_SELECTOR = YES;
				GCC_WARN_UNINITIALIZED_AUTOS = YES_AGGRESSIVE;
				GCC_WARN_UNUSED_FUNCTION = YES;
				GCC_WARN_UNUSED_VARIABLE = YES;
				IPHONEOS_DEPLOYMENT_TARGET = 18.1;
				LOCALIZATION_PREFERS_STRING_CATALOGS = YES;
				MTL_ENABLE_DEBUG_INFO = INCLUDE_SOURCE;
				MTL_FAST_MATH = YES;
				ONLY_ACTIVE_ARCH = YES;
				SDKROOT = iphoneos;
				SWIFT_ACTIVE_COMPILATION_CONDITIONS = "DEBUG $(inherited)";
				SWIFT_OPTIMIZATION_LEVEL = "-Onone";
			};
			name = Debug;
		};
		28A1E8CF2E524E9C00BBFCB7 /* Release */ = {
			isa = XCBuildConfiguration;
			buildSettings = {
				ALWAYS_SEARCH_USER_PATHS = NO;
				ASSETCATALOG_COMPILER_GENERATE_SWIFT_ASSET_SYMBOL_EXTENSIONS = YES;
				CLANG_ANALYZER_NONNULL = YES;
				CLANG_ANALYZER_NUMBER_OBJECT_CONVERSION = YES_AGGRESSIVE;
				CLANG_CXX_LANGUAGE_STANDARD = "gnu++20";
				CLANG_ENABLE_MODULES = YES;
				CLANG_ENABLE_OBJC_ARC = YES;
				CLANG_ENABLE_OBJC_WEAK = YES;
				CLANG_WARN_BLOCK_CAPTURE_AUTORELEASING = YES;
				CLANG_WARN_BOOL_CONVERSION = YES;
				CLANG_WARN_COMMA = YES;
				CLANG_WARN_CONSTANT_CONVERSION = YES;
				CLANG_WARN_DEPRECATED_OBJC_IMPLEMENTATIONS = YES;
				CLANG_WARN_DIRECT_OBJC_ISA_USAGE = YES_ERROR;
				CLANG_WARN_DOCUMENTATION_COMMENTS = YES;
				CLANG_WARN_EMPTY_BODY = YES;
				CLANG_WARN_ENUM_CONVERSION = YES;
				CLANG_WARN_INFINITE_RECURSION = YES;
				CLANG_WARN_INT_CONVERSION = YES;
				CLANG_WARN_NON_LITERAL_NULL_CONVERSION = YES;
				CLANG_WARN_OBJC_IMPLICIT_RETAIN_SELF = YES;
				CLANG_WARN_OBJC_LITERAL_CONVERSION = YES;
				CLANG_WARN_OBJC_ROOT_CLASS = YES_ERROR;
				CLANG_WARN_QUOTED_INCLUDE_IN_FRAMEWORK_HEADER = YES;
				CLANG_WARN_RANGE_LOOP_ANALYSIS = YES;
				CLANG_WARN_STRICT_PROTOTYPES = YES;
				CLANG_WARN_SUSPICIOUS_MOVE = YES;
				CLANG_WARN_UNGUARDED_AVAILABILITY = YES_AGGRESSIVE;
				CLANG_WARN_UNREACHABLE_CODE = YES;
				CLANG_WARN__DUPLICATE_METHOD_MATCH = YES;
				COPY_PHASE_STRIP = NO;
				DEBUG_INFORMATION_FORMAT = "dwarf-with-dsym";
				ENABLE_NS_ASSERTIONS = NO;
				ENABLE_STRICT_OBJC_MSGSEND = YES;
				ENABLE_USER_SCRIPT_SANDBOXING = YES;
				GCC_C_LANGUAGE_STANDARD = gnu17;
				GCC_NO_COMMON_BLOCKS = YES;
				GCC_WARN_64_TO_32_BIT_CONVERSION = YES;
				GCC_WARN_ABOUT_RETURN_TYPE = YES_ERROR;
				GCC_WARN_UNDECLARED_SELECTOR = YES;
				GCC_WARN_UNINITIALIZED_AUTOS = YES_AGGRESSIVE;
				GCC_WARN_UNUSED_FUNCTION = YES;
				GCC_WARN_UNUSED_VARIABLE = YES;
				IPHONEOS_DEPLOYMENT_TARGET = 18.1;
				LOCALIZATION_PREFERS_STRING_CATALOGS = YES;
				MTL_ENABLE_DEBUG_INFO = NO;
				MTL_FAST_MATH = YES;
				SDKROOT = iphoneos;
				SWIFT_COMPILATION_MODE = wholemodule;
				VALIDATE_PRODUCT = YES;
			};
			name = Release;
		};
		28A1E8D12E524E9C00BBFCB7 /* Debug */ = {
			isa = XCBuildConfiguration;
			buildSettings = {
				ASSETCATALOG_COMPILER_APPICON_NAME = AppIcon;
				ASSETCATALOG_COMPILER_GLOBAL_ACCENT_COLOR_NAME = AccentColor;
				CODE_SIGN_STYLE = Automatic;
				CURRENT_PROJECT_VERSION = 1;
				DEVELOPMENT_ASSET_PATHS = "\"QuickFlip/Preview Content\"";
				DEVELOPMENT_TEAM = GB7R26YW69;
				ENABLE_PREVIEWS = YES;
				GENERATE_INFOPLIST_FILE = YES;
				INFOPLIST_FILE = QuickFlip/Info.plist;
				INFOPLIST_KEY_LSApplicationCategoryType = NSAllowsArbitraryLoads;
				INFOPLIST_KEY_NSCameraUsageDescription = "This app needs camera access to take photos of items for identification and eBay listing";
				INFOPLIST_KEY_NSPhotoLibraryAddUsageDescription = "This app needs permission to save photos of identified items.";
				INFOPLIST_KEY_UIApplicationSceneManifest_Generation = YES;
				INFOPLIST_KEY_UIApplicationSupportsIndirectInputEvents = YES;
				INFOPLIST_KEY_UILaunchScreen_Generation = YES;
				INFOPLIST_KEY_UISupportedInterfaceOrientations = UIInterfaceOrientationPortrait;
				INFOPLIST_KEY_UISupportedInterfaceOrientations_iPad = "UIInterfaceOrientationPortrait UIInterfaceOrientationPortraitUpsideDown UIInterfaceOrientationLandscapeLeft UIInterfaceOrientationLandscapeRight";
				INFOPLIST_KEY_UISupportedInterfaceOrientations_iPhone = "UIInterfaceOrientationPortrait UIInterfaceOrientationLandscapeLeft UIInterfaceOrientationLandscapeRight";
				LD_RUNPATH_SEARCH_PATHS = (
					"$(inherited)",
					"@executable_path/Frameworks",
				);
				MARKETING_VERSION = 1.0;
				PRODUCT_BUNDLE_IDENTIFIER = com.fersonix.QuickFlip;
				PRODUCT_NAME = "$(TARGET_NAME)";
				SWIFT_EMIT_LOC_STRINGS = YES;
				SWIFT_VERSION = 5.0;
				TARGETED_DEVICE_FAMILY = "1,2";
			};
			name = Debug;
		};
		28A1E8D22E524E9C00BBFCB7 /* Release */ = {
			isa = XCBuildConfiguration;
			buildSettings = {
				ASSETCATALOG_COMPILER_APPICON_NAME = AppIcon;
				ASSETCATALOG_COMPILER_GLOBAL_ACCENT_COLOR_NAME = AccentColor;
				CODE_SIGN_STYLE = Automatic;
				CURRENT_PROJECT_VERSION = 1;
				DEVELOPMENT_ASSET_PATHS = "\"QuickFlip/Preview Content\"";
				DEVELOPMENT_TEAM = GB7R26YW69;
				ENABLE_PREVIEWS = YES;
				GENERATE_INFOPLIST_FILE = YES;
				INFOPLIST_FILE = QuickFlip/Info.plist;
				INFOPLIST_KEY_LSApplicationCategoryType = NSAllowsArbitraryLoads;
				INFOPLIST_KEY_NSCameraUsageDescription = "This app needs camera access to take photos of items for identification and eBay listing";
				INFOPLIST_KEY_NSPhotoLibraryAddUsageDescription = "This app needs permission to save photos of identified items.";
				INFOPLIST_KEY_UIApplicationSceneManifest_Generation = YES;
				INFOPLIST_KEY_UIApplicationSupportsIndirectInputEvents = YES;
				INFOPLIST_KEY_UILaunchScreen_Generation = YES;
				INFOPLIST_KEY_UISupportedInterfaceOrientations = UIInterfaceOrientationPortrait;
				INFOPLIST_KEY_UISupportedInterfaceOrientations_iPad = "UIInterfaceOrientationPortrait UIInterfaceOrientationPortraitUpsideDown UIInterfaceOrientationLandscapeLeft UIInterfaceOrientationLandscapeRight";
				INFOPLIST_KEY_UISupportedInterfaceOrientations_iPhone = "UIInterfaceOrientationPortrait UIInterfaceOrientationLandscapeLeft UIInterfaceOrientationLandscapeRight";
				LD_RUNPATH_SEARCH_PATHS = (
					"$(inherited)",
					"@executable_path/Frameworks",
				);
				MARKETING_VERSION = 1.0;
				PRODUCT_BUNDLE_IDENTIFIER = com.fersonix.QuickFlip;
				PRODUCT_NAME = "$(TARGET_NAME)";
				SWIFT_EMIT_LOC_STRINGS = YES;
				SWIFT_VERSION = 5.0;
				TARGETED_DEVICE_FAMILY = "1,2";
			};
			name = Release;
		};
		28A1E8D42E524E9C00BBFCB7 /* Debug */ = {
			isa = XCBuildConfiguration;
			buildSettings = {
				BUNDLE_LOADER = "$(TEST_HOST)";
				CODE_SIGN_STYLE = Automatic;
				CURRENT_PROJECT_VERSION = 1;
				DEVELOPMENT_TEAM = GB7R26YW69;
				GENERATE_INFOPLIST_FILE = YES;
				IPHONEOS_DEPLOYMENT_TARGET = 18.1;
				MARKETING_VERSION = 1.0;
				PRODUCT_BUNDLE_IDENTIFIER = com.fersonix.QuickFlipTests;
				PRODUCT_NAME = "$(TARGET_NAME)";
				SWIFT_EMIT_LOC_STRINGS = NO;
				SWIFT_VERSION = 5.0;
				TARGETED_DEVICE_FAMILY = "1,2";
				TEST_HOST = "$(BUILT_PRODUCTS_DIR)/QuickFlip.app/$(BUNDLE_EXECUTABLE_FOLDER_PATH)/QuickFlip";
			};
			name = Debug;
		};
		28A1E8D52E524E9C00BBFCB7 /* Release */ = {
			isa = XCBuildConfiguration;
			buildSettings = {
				BUNDLE_LOADER = "$(TEST_HOST)";
				CODE_SIGN_STYLE = Automatic;
				CURRENT_PROJECT_VERSION = 1;
				DEVELOPMENT_TEAM = GB7R26YW69;
				GENERATE_INFOPLIST_FILE = YES;
				IPHONEOS_DEPLOYMENT_TARGET = 18.1;
				MARKETING_VERSION = 1.0;
				PRODUCT_BUNDLE_IDENTIFIER = com.fersonix.QuickFlipTests;
				PRODUCT_NAME = "$(TARGET_NAME)";
				SWIFT_EMIT_LOC_STRINGS = NO;
				SWIFT_VERSION = 5.0;
				TARGETED_DEVICE_FAMILY = "1,2";
				TEST_HOST = "$(BUILT_PRODUCTS_DIR)/QuickFlip.app/$(BUNDLE_EXECUTABLE_FOLDER_PATH)/QuickFlip";
			};
			name = Release;
		};
		28A1E8D72E524E9C00BBFCB7 /* Debug */ = {
			isa = XCBuildConfiguration;
			buildSettings = {
				CODE_SIGN_STYLE = Automatic;
				CURRENT_PROJECT_VERSION = 1;
				DEVELOPMENT_TEAM = GB7R26YW69;
				GENERATE_INFOPLIST_FILE = YES;
				MARKETING_VERSION = 1.0;
				PRODUCT_BUNDLE_IDENTIFIER = com.fersonix.QuickFlipUITests;
				PRODUCT_NAME = "$(TARGET_NAME)";
				SWIFT_EMIT_LOC_STRINGS = NO;
				SWIFT_VERSION = 5.0;
				TARGETED_DEVICE_FAMILY = "1,2";
				TEST_TARGET_NAME = QuickFlip;
			};
			name = Debug;
		};
		28A1E8D82E524E9C00BBFCB7 /* Release */ = {
			isa = XCBuildConfiguration;
			buildSettings = {
				CODE_SIGN_STYLE = Automatic;
				CURRENT_PROJECT_VERSION = 1;
				DEVELOPMENT_TEAM = GB7R26YW69;
				GENERATE_INFOPLIST_FILE = YES;
				MARKETING_VERSION = 1.0;
				PRODUCT_BUNDLE_IDENTIFIER = com.fersonix.QuickFlipUITests;
				PRODUCT_NAME = "$(TARGET_NAME)";
				SWIFT_EMIT_LOC_STRINGS = NO;
				SWIFT_VERSION = 5.0;
				TARGETED_DEVICE_FAMILY = "1,2";
				TEST_TARGET_NAME = QuickFlip;
			};
			name = Release;
		};
/* End XCBuildConfiguration section */

/* Begin XCConfigurationList section */
		28A1E8A72E524E9500BBFCB7 /* Build configuration list for PBXProject "QuickFlip" */ = {
			isa = XCConfigurationList;
			buildConfigurations = (
				28A1E8CE2E524E9C00BBFCB7 /* Debug */,
				28A1E8CF2E524E9C00BBFCB7 /* Release */,
			);
			defaultConfigurationIsVisible = 0;
			defaultConfigurationName = Release;
		};
		28A1E8D02E524E9C00BBFCB7 /* Build configuration list for PBXNativeTarget "QuickFlip" */ = {
			isa = XCConfigurationList;
			buildConfigurations = (
				28A1E8D12E524E9C00BBFCB7 /* Debug */,
				28A1E8D22E524E9C00BBFCB7 /* Release */,
			);
			defaultConfigurationIsVisible = 0;
			defaultConfigurationName = Release;
		};
		28A1E8D32E524E9C00BBFCB7 /* Build configuration list for PBXNativeTarget "QuickFlipTests" */ = {
			isa = XCConfigurationList;
			buildConfigurations = (
				28A1E8D42E524E9C00BBFCB7 /* Debug */,
				28A1E8D52E524E9C00BBFCB7 /* Release */,
			);
			defaultConfigurationIsVisible = 0;
			defaultConfigurationName = Release;
		};
		28A1E8D62E524E9C00BBFCB7 /* Build configuration list for PBXNativeTarget "QuickFlipUITests" */ = {
			isa = XCConfigurationList;
			buildConfigurations = (
				28A1E8D72E524E9C00BBFCB7 /* Debug */,
				28A1E8D82E524E9C00BBFCB7 /* Release */,
			);
			defaultConfigurationIsVisible = 0;
			defaultConfigurationName = Release;
		};
/* End XCConfigurationList section */

/* Begin XCRemoteSwiftPackageReference section */
		285A2FC32E55825900F123EA /* XCRemoteSwiftPackageReference "supabase-swift" */ = {
			isa = XCRemoteSwiftPackageReference;
			repositoryURL = "https://github.com/supabase/supabase-swift.git";
			requirement = {
				kind = upToNextMajorVersion;
				minimumVersion = 2.5.1;
			};
		};
/* End XCRemoteSwiftPackageReference section */

/* Begin XCSwiftPackageProductDependency section */
		285A2FC42E55825900F123EA /* Auth */ = {
			isa = XCSwiftPackageProductDependency;
			package = 285A2FC32E55825900F123EA /* XCRemoteSwiftPackageReference "supabase-swift" */;
			productName = Auth;
		};
		285A2FC62E55825900F123EA /* Functions */ = {
			isa = XCSwiftPackageProductDependency;
			package = 285A2FC32E55825900F123EA /* XCRemoteSwiftPackageReference "supabase-swift" */;
			productName = Functions;
		};
		285A2FC82E55825900F123EA /* PostgREST */ = {
			isa = XCSwiftPackageProductDependency;
			package = 285A2FC32E55825900F123EA /* XCRemoteSwiftPackageReference "supabase-swift" */;
			productName = PostgREST;
		};
		285A2FCA2E55825900F123EA /* Realtime */ = {
			isa = XCSwiftPackageProductDependency;
			package = 285A2FC32E55825900F123EA /* XCRemoteSwiftPackageReference "supabase-swift" */;
			productName = Realtime;
		};
		285A2FCC2E55825900F123EA /* Storage */ = {
			isa = XCSwiftPackageProductDependency;
			package = 285A2FC32E55825900F123EA /* XCRemoteSwiftPackageReference "supabase-swift" */;
			productName = Storage;
		};
/* End XCSwiftPackageProductDependency section */
	};
	rootObject = 28A1E8A42E524E9500BBFCB7 /* Project object */;
}
